Microsoft Visual Studio Solution File, Format Version 12.00
# Visual Studio Version 17
VisualStudioVersion = 17.5.2.0
MinimumVisualStudioVersion = 10.0.40219.1
Project("{FAE04EC0-301F-11D3-BF4B-00C04F79EFBC}") = "Alumni_Portal", "Alumni_Portal\Alumni_Portal.csproj", "{1C444EE1-7E98-4234-4171-3309A7E4BCDD}"
EndProject
Global
	GlobalSection(SolutionConfigurationPlatforms) = preSolution
		Debug|Any CPU = Debug|Any CPU
		Release|Any CPU = Release|Any CPU
	EndGlobalSection
	GlobalSection(ProjectConfigurationPlatforms) = postSolution
		{1C444EE1-7E98-4234-4171-3309A7E4BCDD}.Debug|Any CPU.ActiveCfg = Debug|Any CPU
		{1C444EE1-7E98-4234-4171-3309A7E4BCDD}.Debug|Any CPU.Build.0 = Debug|Any CPU
		{1C444EE1-7E98-4234-4171-3309A7E4BCDD}.Release|Any CPU.ActiveCfg = Release|Any CPU
		{1C444EE1-7E98-4234-4171-3309A7E4BCDD}.Release|Any CPU.Build.0 = Release|Any CPU
	EndGlobalSection
	GlobalSection(SolutionProperties) = preSolution
		HideSolutionNode = FALSE
	EndGlobalSection
	GlobalSection(ExtensibilityGlobals) = postSolution
		SolutionGuid = {C1171F86-D61C-4633-A323-23D3231B6AFE}
	EndGlobalSection
EndGlobal
